{
  "version": 4,
  "terraform_version": "1.10.5",
  "serial": 373,
  "lineage": "6731ad95-f463-1d7b-5754-2b7eba28ff3f",
  "outputs": {},
  "resources": [
    {
      "mode": "data",
      "type": "template_file",
      "name": "user_data",
      "provider": "provider[\"registry.terraform.io/hashicorp/template\"]",
      "instances": [
        {
          "schema_version": 0,
          "attributes": {
            "filename": null,
            "id": "a8ff8dca787a27793ad655a96e2603892d50f5b934f0ac272bf55a1731f49d25",
            "rendered": "#!/bin/bash\n\n# Atualizar pacotes e instalar dependências\napt-get update -y\napt-get install -y apt-transport-https ca-certificates curl software-properties-common gnupg lsb-release\n\n# Adicionar chave GPG e repositório oficial do Docker\ncurl -fsSL https://download.docker.com/linux/ubuntu/gpg | apt-key add -\nadd-apt-repository \"deb [arch=amd64] https://download.docker.com/linux/ubuntu $(lsb_release -cs) stable\"\n\n# Atualizar pacotes novamente e instalar Docker\napt-get update -y\napt-get install -y docker-ce docker-ce-cli containerd.io\n\n# Iniciar e habilitar o Docker\nsystemctl start docker\nsystemctl enable docker\n\n# Criar o grupo 'docker' se não existir\nif ! getent group docker \u003e /dev/null; then\n  groupadd docker\nfi\n\n# Adicionar o usuário padrão 'ubuntu' ao grupo 'docker'\nusermod -aG docker ubuntu\n\n# Ajustar permissões no socket do Docker\nchmod 660 /var/run/docker.sock\n\n# Reiniciar o Docker para garantir as permissões\nsystemctl restart docker\n\n# Criar rede Docker para os containers Zabbix\ndocker network create --subnet=172.20.0.0/16 --ip-range=172.20.240.0/20 zabbix-net\n\n# Criar diretórios para persistência de dados\nmkdir -p /opt/zabbix/mysql /opt/zabbix/server /opt/zabbix/web /opt/grafana/data\n\n# Ajustar permissões para o Grafana\nchown 472:472 /opt/grafana/data\nchmod 755 /opt/grafana/data\n\n# Subir o container MySQL com volume para persistência\ndocker run -d \\\n  --name mysql-server \\\n  -e MYSQL_DATABASE=\"zabbix\" \\\n  -e MYSQL_USER=\"zabbix\" \\\n  -e MYSQL_PASSWORD=\"zabbix_pwd\" \\\n  -e MYSQL_ROOT_PASSWORD=\"root_pwd\" \\\n  -v /opt/zabbix/mysql:/var/lib/mysql \\\n  --network=zabbix-net \\\n  --restart unless-stopped \\\n  mysql:8.0-oracle \\\n  --character-set-server=utf8 \\\n  --collation-server=utf8_bin \\\n  --default-authentication-plugin=mysql_native_password\n\n# Subir o container Zabbix Server com volume para persistência\ndocker run -d \\\n  --name zabbix-server-mysql \\\n  -e DB_SERVER_HOST=\"mysql-server\" \\\n  -e MYSQL_DATABASE=\"zabbix\" \\\n  -e MYSQL_USER=\"zabbix\" \\\n  -e MYSQL_PASSWORD=\"zabbix_pwd\" \\\n  -e MYSQL_ROOT_PASSWORD=\"root_pwd\" \\\n  -v /opt/zabbix/server:/var/lib/zabbix \\\n  --network=zabbix-net \\\n  -p 10051:10051 \\\n  --restart unless-stopped \\\n  zabbix/zabbix-server-mysql:alpine-7.2-latest\n\n# Subir o container Zabbix Web Interface com volume para persistência\ndocker run -d \\\n  --name zabbix-web-nginx-mysql \\\n  -e ZBX_SERVER_HOST=\"zabbix-server-mysql\" \\\n  -e DB_SERVER_HOST=\"mysql-server\" \\\n  -e MYSQL_DATABASE=\"zabbix\" \\\n  -e MYSQL_USER=\"zabbix\" \\\n  -e MYSQL_PASSWORD=\"zabbix_pwd\" \\\n  -e MYSQL_ROOT_PASSWORD=\"root_pwd\" \\\n  -e PHP_TZ=\"America/Sao_Paulo\" \\\n  -v /opt/zabbix/web:/usr/share/zabbix \\\n  --network=zabbix-net \\\n  -p 8080:80 \\\n  --restart unless-stopped \\\n  zabbix/zabbix-web-nginx-mysql:alpine-7.2-latest\n\n# Subir o container Zabbix Agent\ndocker run -d \\\n  --name zabbix-agent \\\n  -e ZBX_SERVER_HOST=\"zabbix-server-mysql\" \\\n  -e ZBX_HOSTNAME=\"zabbix-agent-ec2\" \\\n  --network=zabbix-net \\\n  --restart unless-stopped \\\n  zabbix/zabbix-agent:alpine-7.2-latest\n\n# Subir o container Grafana com volume para persistência e permissões corrigidas\ndocker run -d \\\n  --name grafana \\\n  -e GF_SECURITY_ADMIN_USER=\"admin\" \\\n  -e GF_SECURITY_ADMIN_PASSWORD=\"admin\" \\\n  -v /opt/grafana/data:/var/lib/grafana \\\n  -p 3000:3000 \\\n  --network=zabbix-net \\\n  --restart unless-stopped \\\n  grafana/grafana:latest\n\n# Instalar Node.js e dependências\ncurl -fsSL https://deb.nodesource.com/setup_16.x | bash -\napt-get install -y nodejs\n\n# Configuração adicional para aplicativos Node.js (se necessário)\nmkdir -p /var/www/myapp\ncd /var/www/myapp\nnpm init -y\nnpm install express\n\n# Mensagem de conclusão\necho \"Configuração do Zabbix, Zabbix Agent, Grafana e ambiente Node.js concluída!\"\necho \"Acesse a interface web do Zabbix em http://\u003cIP_DO_SERVIDOR\u003e:8080\"\necho \"Acesse a interface do Grafana em http://\u003cIP_DO_SERVIDOR\u003e:3000 (Usuário: admin | Senha: admin)\"\n",
            "template": "#!/bin/bash\n\n# Atualizar pacotes e instalar dependências\napt-get update -y\napt-get install -y apt-transport-https ca-certificates curl software-properties-common gnupg lsb-release\n\n# Adicionar chave GPG e repositório oficial do Docker\ncurl -fsSL https://download.docker.com/linux/ubuntu/gpg | apt-key add -\nadd-apt-repository \"deb [arch=amd64] https://download.docker.com/linux/ubuntu $(lsb_release -cs) stable\"\n\n# Atualizar pacotes novamente e instalar Docker\napt-get update -y\napt-get install -y docker-ce docker-ce-cli containerd.io\n\n# Iniciar e habilitar o Docker\nsystemctl start docker\nsystemctl enable docker\n\n# Criar o grupo 'docker' se não existir\nif ! getent group docker \u003e /dev/null; then\n  groupadd docker\nfi\n\n# Adicionar o usuário padrão 'ubuntu' ao grupo 'docker'\nusermod -aG docker ubuntu\n\n# Ajustar permissões no socket do Docker\nchmod 660 /var/run/docker.sock\n\n# Reiniciar o Docker para garantir as permissões\nsystemctl restart docker\n\n# Criar rede Docker para os containers Zabbix\ndocker network create --subnet=172.20.0.0/16 --ip-range=172.20.240.0/20 zabbix-net\n\n# Criar diretórios para persistência de dados\nmkdir -p /opt/zabbix/mysql /opt/zabbix/server /opt/zabbix/web /opt/grafana/data\n\n# Ajustar permissões para o Grafana\nchown 472:472 /opt/grafana/data\nchmod 755 /opt/grafana/data\n\n# Subir o container MySQL com volume para persistência\ndocker run -d \\\n  --name mysql-server \\\n  -e MYSQL_DATABASE=\"zabbix\" \\\n  -e MYSQL_USER=\"zabbix\" \\\n  -e MYSQL_PASSWORD=\"zabbix_pwd\" \\\n  -e MYSQL_ROOT_PASSWORD=\"root_pwd\" \\\n  -v /opt/zabbix/mysql:/var/lib/mysql \\\n  --network=zabbix-net \\\n  --restart unless-stopped \\\n  mysql:8.0-oracle \\\n  --character-set-server=utf8 \\\n  --collation-server=utf8_bin \\\n  --default-authentication-plugin=mysql_native_password\n\n# Subir o container Zabbix Server com volume para persistência\ndocker run -d \\\n  --name zabbix-server-mysql \\\n  -e DB_SERVER_HOST=\"mysql-server\" \\\n  -e MYSQL_DATABASE=\"zabbix\" \\\n  -e MYSQL_USER=\"zabbix\" \\\n  -e MYSQL_PASSWORD=\"zabbix_pwd\" \\\n  -e MYSQL_ROOT_PASSWORD=\"root_pwd\" \\\n  -v /opt/zabbix/server:/var/lib/zabbix \\\n  --network=zabbix-net \\\n  -p 10051:10051 \\\n  --restart unless-stopped \\\n  zabbix/zabbix-server-mysql:alpine-7.2-latest\n\n# Subir o container Zabbix Web Interface com volume para persistência\ndocker run -d \\\n  --name zabbix-web-nginx-mysql \\\n  -e ZBX_SERVER_HOST=\"zabbix-server-mysql\" \\\n  -e DB_SERVER_HOST=\"mysql-server\" \\\n  -e MYSQL_DATABASE=\"zabbix\" \\\n  -e MYSQL_USER=\"zabbix\" \\\n  -e MYSQL_PASSWORD=\"zabbix_pwd\" \\\n  -e MYSQL_ROOT_PASSWORD=\"root_pwd\" \\\n  -e PHP_TZ=\"America/Sao_Paulo\" \\\n  -v /opt/zabbix/web:/usr/share/zabbix \\\n  --network=zabbix-net \\\n  -p 8080:80 \\\n  --restart unless-stopped \\\n  zabbix/zabbix-web-nginx-mysql:alpine-7.2-latest\n\n# Subir o container Zabbix Agent\ndocker run -d \\\n  --name zabbix-agent \\\n  -e ZBX_SERVER_HOST=\"zabbix-server-mysql\" \\\n  -e ZBX_HOSTNAME=\"zabbix-agent-ec2\" \\\n  --network=zabbix-net \\\n  --restart unless-stopped \\\n  zabbix/zabbix-agent:alpine-7.2-latest\n\n# Subir o container Grafana com volume para persistência e permissões corrigidas\ndocker run -d \\\n  --name grafana \\\n  -e GF_SECURITY_ADMIN_USER=\"admin\" \\\n  -e GF_SECURITY_ADMIN_PASSWORD=\"admin\" \\\n  -v /opt/grafana/data:/var/lib/grafana \\\n  -p 3000:3000 \\\n  --network=zabbix-net \\\n  --restart unless-stopped \\\n  grafana/grafana:latest\n\n# Instalar Node.js e dependências\ncurl -fsSL https://deb.nodesource.com/setup_16.x | bash -\napt-get install -y nodejs\n\n# Configuração adicional para aplicativos Node.js (se necessário)\nmkdir -p /var/www/myapp\ncd /var/www/myapp\nnpm init -y\nnpm install express\n\n# Mensagem de conclusão\necho \"Configuração do Zabbix, Zabbix Agent, Grafana e ambiente Node.js concluída!\"\necho \"Acesse a interface web do Zabbix em http://\u003cIP_DO_SERVIDOR\u003e:8080\"\necho \"Acesse a interface do Grafana em http://\u003cIP_DO_SERVIDOR\u003e:3000 (Usuário: admin | Senha: admin)\"\n",
            "vars": null
          },
          "sensitive_attributes": []
        }
      ]
    },
    {
      "mode": "managed",
      "type": "aws_instance",
      "name": "ec2_instance",
      "provider": "provider[\"registry.terraform.io/hashicorp/aws\"]",
      "instances": [
        {
          "schema_version": 1,
          "attributes": {
            "ami": "ami-0e2c8caa4b6378d8c",
            "arn": "arn:aws:ec2:us-east-1:008971679857:instance/i-0e41e338b367cc3ca",
            "associate_public_ip_address": true,
            "availability_zone": "us-east-1a",
            "capacity_reservation_specification": [
              {
                "capacity_reservation_preference": "open",
                "capacity_reservation_target": []
              }
            ],
            "cpu_core_count": 1,
            "cpu_options": [
              {
                "amd_sev_snp": "",
                "core_count": 1,
                "threads_per_core": 2
              }
            ],
            "cpu_threads_per_core": 2,
            "credit_specification": [
              {
                "cpu_credits": "unlimited"
              }
            ],
            "disable_api_stop": false,
            "disable_api_termination": false,
            "ebs_block_device": [],
            "ebs_optimized": false,
            "enable_primary_ipv6": null,
            "enclave_options": [
              {
                "enabled": false
              }
            ],
            "ephemeral_block_device": [],
            "get_password_data": false,
            "hibernation": false,
            "host_id": "",
            "host_resource_group_arn": null,
            "iam_instance_profile": "",
            "id": "i-0e41e338b367cc3ca",
            "instance_initiated_shutdown_behavior": "stop",
            "instance_lifecycle": "",
            "instance_market_options": [],
            "instance_state": "running",
            "instance_type": "t3.large",
            "ipv6_address_count": 0,
            "ipv6_addresses": [],
            "key_name": "terraform-lab",
            "launch_template": [],
            "maintenance_options": [
              {
                "auto_recovery": "default"
              }
            ],
            "metadata_options": [
              {
                "http_endpoint": "enabled",
                "http_protocol_ipv6": "disabled",
                "http_put_response_hop_limit": 2,
                "http_tokens": "required",
                "instance_metadata_tags": "disabled"
              }
            ],
            "monitoring": false,
            "network_interface": [],
            "outpost_arn": "",
            "password_data": "",
            "placement_group": "",
            "placement_partition_number": 0,
            "primary_network_interface_id": "eni-067e2f8da7f44b4e1",
            "private_dns": "ip-10-0-1-49.ec2.internal",
            "private_dns_name_options": [
              {
                "enable_resource_name_dns_a_record": false,
                "enable_resource_name_dns_aaaa_record": false,
                "hostname_type": "ip-name"
              }
            ],
            "private_ip": "10.0.1.49",
            "public_dns": "",
            "public_ip": "34.229.89.115",
            "root_block_device": [
              {
                "delete_on_termination": true,
                "device_name": "/dev/sda1",
                "encrypted": false,
                "iops": 3000,
                "kms_key_id": "",
                "tags": {},
                "tags_all": {},
                "throughput": 125,
                "volume_id": "vol-0170c104279dd3b67",
                "volume_size": 8,
                "volume_type": "gp3"
              }
            ],
            "secondary_private_ips": [],
            "security_groups": [],
            "source_dest_check": true,
            "spot_instance_request_id": "",
            "subnet_id": "subnet-04929d849ad90f559",
            "tags": {
              "Name": "ZabbixServerInstance"
            },
            "tags_all": {
              "Name": "ZabbixServerInstance"
            },
            "tenancy": "default",
            "timeouts": null,
            "user_data": "66ba00a4f5fd396c93729f487ce8742836ecd7bd",
            "user_data_base64": null,
            "user_data_replace_on_change": false,
            "volume_tags": null,
            "vpc_security_group_ids": [
              "sg-0d32234f85125e46f"
            ]
          },
          "sensitive_attributes": [],
          "private": "eyJlMmJmYjczMC1lY2FhLTExZTYtOGY4OC0zNDM2M2JjN2M0YzAiOnsiY3JlYXRlIjo2MDAwMDAwMDAwMDAsImRlbGV0ZSI6MTIwMDAwMDAwMDAwMCwicmVhZCI6OTAwMDAwMDAwMDAwLCJ1cGRhdGUiOjYwMDAwMDAwMDAwMH0sInNjaGVtYV92ZXJzaW9uIjoiMSJ9",
          "dependencies": [
            "aws_security_group.main",
            "aws_subnet.main",
            "aws_vpc.main",
            "data.template_file.user_data"
          ]
        }
      ]
    },
    {
      "mode": "managed",
      "type": "aws_internet_gateway",
      "name": "main",
      "provider": "provider[\"registry.terraform.io/hashicorp/aws\"]",
      "instances": [
        {
          "schema_version": 0,
          "attributes": {
            "arn": "arn:aws:ec2:us-east-1:008971679857:internet-gateway/igw-00793049a4975ffcb",
            "id": "igw-00793049a4975ffcb",
            "owner_id": "008971679857",
            "tags": {
              "Name": "MyInternetGateway"
            },
            "tags_all": {
              "Name": "MyInternetGateway"
            },
            "timeouts": null,
            "vpc_id": "vpc-092e80e83ba296ee5"
          },
          "sensitive_attributes": [],
          "private": "eyJlMmJmYjczMC1lY2FhLTExZTYtOGY4OC0zNDM2M2JjN2M0YzAiOnsiY3JlYXRlIjoxMjAwMDAwMDAwMDAwLCJkZWxldGUiOjEyMDAwMDAwMDAwMDAsInVwZGF0ZSI6MTIwMDAwMDAwMDAwMH19",
          "dependencies": [
            "aws_vpc.main"
          ]
        }
      ]
    },
    {
      "mode": "managed",
      "type": "aws_route_table",
      "name": "main",
      "provider": "provider[\"registry.terraform.io/hashicorp/aws\"]",
      "instances": [
        {
          "schema_version": 0,
          "attributes": {
            "arn": "arn:aws:ec2:us-east-1:008971679857:route-table/rtb-08f749a4f5aee744f",
            "id": "rtb-08f749a4f5aee744f",
            "owner_id": "008971679857",
            "propagating_vgws": [],
            "route": [
              {
                "carrier_gateway_id": "",
                "cidr_block": "0.0.0.0/0",
                "core_network_arn": "",
                "destination_prefix_list_id": "",
                "egress_only_gateway_id": "",
                "gateway_id": "igw-00793049a4975ffcb",
                "ipv6_cidr_block": "",
                "local_gateway_id": "",
                "nat_gateway_id": "",
                "network_interface_id": "",
                "transit_gateway_id": "",
                "vpc_endpoint_id": "",
                "vpc_peering_connection_id": ""
              }
            ],
            "tags": {
              "Name": "MyRouteTable"
            },
            "tags_all": {
              "Name": "MyRouteTable"
            },
            "timeouts": null,
            "vpc_id": "vpc-092e80e83ba296ee5"
          },
          "sensitive_attributes": [],
          "private": "eyJlMmJmYjczMC1lY2FhLTExZTYtOGY4OC0zNDM2M2JjN2M0YzAiOnsiY3JlYXRlIjozMDAwMDAwMDAwMDAsImRlbGV0ZSI6MzAwMDAwMDAwMDAwLCJ1cGRhdGUiOjEyMDAwMDAwMDAwMH19",
          "dependencies": [
            "aws_internet_gateway.main",
            "aws_vpc.main"
          ]
        }
      ]
    },
    {
      "mode": "managed",
      "type": "aws_route_table_association",
      "name": "main",
      "provider": "provider[\"registry.terraform.io/hashicorp/aws\"]",
      "instances": [
        {
          "schema_version": 0,
          "attributes": {
            "gateway_id": "",
            "id": "rtbassoc-04b3d82f8f9eee287",
            "route_table_id": "rtb-08f749a4f5aee744f",
            "subnet_id": "subnet-04929d849ad90f559",
            "timeouts": null
          },
          "sensitive_attributes": [],
          "private": "eyJlMmJmYjczMC1lY2FhLTExZTYtOGY4OC0zNDM2M2JjN2M0YzAiOnsiY3JlYXRlIjozMDAwMDAwMDAwMDAsImRlbGV0ZSI6MzAwMDAwMDAwMDAwLCJ1cGRhdGUiOjEyMDAwMDAwMDAwMH19",
          "dependencies": [
            "aws_internet_gateway.main",
            "aws_route_table.main",
            "aws_subnet.main",
            "aws_vpc.main"
          ]
        }
      ]
    },
    {
      "mode": "managed",
      "type": "aws_security_group",
      "name": "main",
      "provider": "provider[\"registry.terraform.io/hashicorp/aws\"]",
      "instances": [
        {
          "schema_version": 1,
          "attributes": {
            "arn": "arn:aws:ec2:us-east-1:008971679857:security-group/sg-0d32234f85125e46f",
            "description": "Allow SSH and Zabbix access",
            "egress": [
              {
                "cidr_blocks": [
                  "0.0.0.0/0"
                ],
                "description": "Allow all outbound traffic",
                "from_port": 0,
                "ipv6_cidr_blocks": [],
                "prefix_list_ids": [],
                "protocol": "-1",
                "security_groups": [],
                "self": false,
                "to_port": 0
              }
            ],
            "id": "sg-0d32234f85125e46f",
            "ingress": [
              {
                "cidr_blocks": [
                  "0.0.0.0/0"
                ],
                "description": "Allow SSH",
                "from_port": 22,
                "ipv6_cidr_blocks": [],
                "prefix_list_ids": [],
                "protocol": "tcp",
                "security_groups": [],
                "self": false,
                "to_port": 22
              },
              {
                "cidr_blocks": [
                  "0.0.0.0/0"
                ],
                "description": "Allow Zabbix Agent Port",
                "from_port": 10051,
                "ipv6_cidr_blocks": [],
                "prefix_list_ids": [],
                "protocol": "tcp",
                "security_groups": [],
                "self": false,
                "to_port": 10051
              },
              {
                "cidr_blocks": [
                  "0.0.0.0/0"
                ],
                "description": "Allow Zabbix HTTP",
                "from_port": 8080,
                "ipv6_cidr_blocks": [],
                "prefix_list_ids": [],
                "protocol": "tcp",
                "security_groups": [],
                "self": false,
                "to_port": 8080
              },
              {
                "cidr_blocks": [
                  "0.0.0.0/0"
                ],
                "description": "Allow Zabbix Web Port",
                "from_port": 8081,
                "ipv6_cidr_blocks": [],
                "prefix_list_ids": [],
                "protocol": "tcp",
                "security_groups": [],
                "self": false,
                "to_port": 8081
              }
            ],
            "name": "zabbix-sg",
            "name_prefix": "",
            "owner_id": "008971679857",
            "revoke_rules_on_delete": false,
            "tags": {
              "Name": "ZabbixSecurityGroup"
            },
            "tags_all": {
              "Name": "ZabbixSecurityGroup"
            },
            "timeouts": null,
            "vpc_id": "vpc-092e80e83ba296ee5"
          },
          "sensitive_attributes": [],
          "private": "eyJlMmJmYjczMC1lY2FhLTExZTYtOGY4OC0zNDM2M2JjN2M0YzAiOnsiY3JlYXRlIjo2MDAwMDAwMDAwMDAsImRlbGV0ZSI6OTAwMDAwMDAwMDAwfSwic2NoZW1hX3ZlcnNpb24iOiIxIn0=",
          "dependencies": [
            "aws_vpc.main"
          ]
        }
      ]
    },
    {
      "mode": "managed",
      "type": "aws_subnet",
      "name": "main",
      "provider": "provider[\"registry.terraform.io/hashicorp/aws\"]",
      "instances": [
        {
          "schema_version": 1,
          "attributes": {
            "arn": "arn:aws:ec2:us-east-1:008971679857:subnet/subnet-04929d849ad90f559",
            "assign_ipv6_address_on_creation": false,
            "availability_zone": "us-east-1a",
            "availability_zone_id": "use1-az4",
            "cidr_block": "10.0.1.0/24",
            "customer_owned_ipv4_pool": "",
            "enable_dns64": false,
            "enable_lni_at_device_index": 0,
            "enable_resource_name_dns_a_record_on_launch": false,
            "enable_resource_name_dns_aaaa_record_on_launch": false,
            "id": "subnet-04929d849ad90f559",
            "ipv6_cidr_block": "",
            "ipv6_cidr_block_association_id": "",
            "ipv6_native": false,
            "map_customer_owned_ip_on_launch": false,
            "map_public_ip_on_launch": true,
            "outpost_arn": "",
            "owner_id": "008971679857",
            "private_dns_hostname_type_on_launch": "ip-name",
            "tags": {
              "Name": "MyTerraformSubnet"
            },
            "tags_all": {
              "Name": "MyTerraformSubnet"
            },
            "timeouts": null,
            "vpc_id": "vpc-092e80e83ba296ee5"
          },
          "sensitive_attributes": [],
          "private": "eyJlMmJmYjczMC1lY2FhLTExZTYtOGY4OC0zNDM2M2JjN2M0YzAiOnsiY3JlYXRlIjo2MDAwMDAwMDAwMDAsImRlbGV0ZSI6MTIwMDAwMDAwMDAwMH0sInNjaGVtYV92ZXJzaW9uIjoiMSJ9",
          "dependencies": [
            "aws_vpc.main"
          ]
        }
      ]
    },
    {
      "mode": "managed",
      "type": "aws_vpc",
      "name": "main",
      "provider": "provider[\"registry.terraform.io/hashicorp/aws\"]",
      "instances": [
        {
          "schema_version": 1,
          "attributes": {
            "arn": "arn:aws:ec2:us-east-1:008971679857:vpc/vpc-092e80e83ba296ee5",
            "assign_generated_ipv6_cidr_block": false,
            "cidr_block": "10.0.0.0/16",
            "default_network_acl_id": "acl-0e7b12710ae381f20",
            "default_route_table_id": "rtb-0ed93fe38f96bf785",
            "default_security_group_id": "sg-02b9a4eddb94cf523",
            "dhcp_options_id": "dopt-0735b331a44b35179",
            "enable_dns_hostnames": false,
            "enable_dns_support": true,
            "enable_network_address_usage_metrics": false,
            "id": "vpc-092e80e83ba296ee5",
            "instance_tenancy": "default",
            "ipv4_ipam_pool_id": null,
            "ipv4_netmask_length": null,
            "ipv6_association_id": "",
            "ipv6_cidr_block": "",
            "ipv6_cidr_block_network_border_group": "",
            "ipv6_ipam_pool_id": "",
            "ipv6_netmask_length": 0,
            "main_route_table_id": "rtb-0ed93fe38f96bf785",
            "owner_id": "008971679857",
            "tags": {
              "Name": "MyTerraformVPC"
            },
            "tags_all": {
              "Name": "MyTerraformVPC"
            }
          },
          "sensitive_attributes": [],
          "private": "eyJzY2hlbWFfdmVyc2lvbiI6IjEifQ=="
        }
      ]
    }
  ],
  "check_results": null
}
