{
  "version": 4,
  "terraform_version": "1.9.0",
  "serial": 282,
  "lineage": "6731ad95-f463-1d7b-5754-2b7eba28ff3f",
  "outputs": {},
  "resources": [
    {
      "mode": "data",
      "type": "template_file",
      "name": "user_data",
      "provider": "provider[\"registry.terraform.io/hashicorp/template\"]",
      "instances": [
        {
          "schema_version": 0,
          "attributes": {
            "filename": null,
            "id": "b5263b47fe2adb78a12c02749b3026123749b190e064e5e72187229a48756842",
            "rendered": "#!/bin/bash\n# Atualizar pacotes e instalar dependências\napt-get update -y\napt-get install -y apt-transport-https ca-certificates curl software-properties-common\n\n# Adicionar chave GPG e repositório oficial do Docker\ncurl -fsSL https://download.docker.com/linux/ubuntu/gpg | apt-key add -\nadd-apt-repository \"deb [arch=amd64] https://download.docker.com/linux/ubuntu $(lsb_release -cs) stable\"\n\n# Atualizar pacotes novamente e instalar Docker\napt-get update -y\napt-get install -y docker-ce\n\n# Iniciar e habilitar o Docker\nsystemctl start docker\nsystemctl enable docker\n\n# Criar o grupo 'docker' se não existir\nif ! getent group docker \u003e /dev/null; then\n  groupadd docker\nfi\n\n# Adicionar o usuário padrão 'ubuntu' ao grupo 'docker'\nusermod -aG docker ubuntu\n\n# Ajustar permissões no socket do Docker\nchmod 660 /var/run/docker.sock\n\n# Reiniciar o Docker para garantir as permissões\nsystemctl restart docker\n\n# Pré-download da imagem do Zabbix\ndocker pull zabbix/zabbix-appliance:latest\n\n# Subir o container Zabbix\ndocker run -d \\\n  --name zabbix-server \\\n  -p 8080:80 \\\n  -p 10051:10051 \\\n  zabbix/zabbix-appliance:latest\n\n# Verificar se o container foi iniciado corretamente\ndocker ps | grep zabbix-server\n\n# Mensagem de conclusão\necho \"Docker e Zabbix foram configurados com sucesso. Por favor, reconecte-se para aplicar as permissões ao grupo docker.\"\n",
            "template": "#!/bin/bash\n# Atualizar pacotes e instalar dependências\napt-get update -y\napt-get install -y apt-transport-https ca-certificates curl software-properties-common\n\n# Adicionar chave GPG e repositório oficial do Docker\ncurl -fsSL https://download.docker.com/linux/ubuntu/gpg | apt-key add -\nadd-apt-repository \"deb [arch=amd64] https://download.docker.com/linux/ubuntu $(lsb_release -cs) stable\"\n\n# Atualizar pacotes novamente e instalar Docker\napt-get update -y\napt-get install -y docker-ce\n\n# Iniciar e habilitar o Docker\nsystemctl start docker\nsystemctl enable docker\n\n# Criar o grupo 'docker' se não existir\nif ! getent group docker \u003e /dev/null; then\n  groupadd docker\nfi\n\n# Adicionar o usuário padrão 'ubuntu' ao grupo 'docker'\nusermod -aG docker ubuntu\n\n# Ajustar permissões no socket do Docker\nchmod 660 /var/run/docker.sock\n\n# Reiniciar o Docker para garantir as permissões\nsystemctl restart docker\n\n# Pré-download da imagem do Zabbix\ndocker pull zabbix/zabbix-appliance:latest\n\n# Subir o container Zabbix\ndocker run -d \\\n  --name zabbix-server \\\n  -p 8080:80 \\\n  -p 10051:10051 \\\n  zabbix/zabbix-appliance:latest\n\n# Verificar se o container foi iniciado corretamente\ndocker ps | grep zabbix-server\n\n# Mensagem de conclusão\necho \"Docker e Zabbix foram configurados com sucesso. Por favor, reconecte-se para aplicar as permissões ao grupo docker.\"\n",
            "vars": null
          },
          "sensitive_attributes": []
        }
      ]
    },
    {
      "mode": "managed",
      "type": "aws_instance",
      "name": "ec2_instance",
      "provider": "provider[\"registry.terraform.io/hashicorp/aws\"]",
      "instances": [
        {
          "schema_version": 1,
          "attributes": {
            "ami": "ami-0e2c8caa4b6378d8c",
            "arn": "arn:aws:ec2:us-east-1:008971679857:instance/i-0d5e1e9cee95d44d1",
            "associate_public_ip_address": true,
            "availability_zone": "us-east-1a",
            "capacity_reservation_specification": [
              {
                "capacity_reservation_preference": "open",
                "capacity_reservation_target": []
              }
            ],
            "cpu_core_count": 1,
            "cpu_options": [
              {
                "amd_sev_snp": "",
                "core_count": 1,
                "threads_per_core": 2
              }
            ],
            "cpu_threads_per_core": 2,
            "credit_specification": [
              {
                "cpu_credits": "unlimited"
              }
            ],
            "disable_api_stop": false,
            "disable_api_termination": false,
            "ebs_block_device": [],
            "ebs_optimized": false,
            "enable_primary_ipv6": null,
            "enclave_options": [
              {
                "enabled": false
              }
            ],
            "ephemeral_block_device": [],
            "get_password_data": false,
            "hibernation": false,
            "host_id": "",
            "host_resource_group_arn": null,
            "iam_instance_profile": "",
            "id": "i-0d5e1e9cee95d44d1",
            "instance_initiated_shutdown_behavior": "stop",
            "instance_lifecycle": "",
            "instance_market_options": [],
            "instance_state": "running",
            "instance_type": "t3.large",
            "ipv6_address_count": 0,
            "ipv6_addresses": [],
            "key_name": "terraform-lab",
            "launch_template": [],
            "maintenance_options": [
              {
                "auto_recovery": "default"
              }
            ],
            "metadata_options": [
              {
                "http_endpoint": "enabled",
                "http_protocol_ipv6": "disabled",
                "http_put_response_hop_limit": 2,
                "http_tokens": "required",
                "instance_metadata_tags": "disabled"
              }
            ],
            "monitoring": false,
            "network_interface": [],
            "outpost_arn": "",
            "password_data": "",
            "placement_group": "",
            "placement_partition_number": 0,
            "primary_network_interface_id": "eni-0d86b7a7ef8f696a3",
            "private_dns": "ip-10-0-1-193.ec2.internal",
            "private_dns_name_options": [
              {
                "enable_resource_name_dns_a_record": false,
                "enable_resource_name_dns_aaaa_record": false,
                "hostname_type": "ip-name"
              }
            ],
            "private_ip": "10.0.1.193",
            "public_dns": "",
            "public_ip": "54.160.195.29",
            "root_block_device": [
              {
                "delete_on_termination": true,
                "device_name": "/dev/sda1",
                "encrypted": false,
                "iops": 3000,
                "kms_key_id": "",
                "tags": {},
                "tags_all": {},
                "throughput": 125,
                "volume_id": "vol-05895f6f5cc9fe030",
                "volume_size": 8,
                "volume_type": "gp3"
              }
            ],
            "secondary_private_ips": [],
            "security_groups": [],
            "source_dest_check": true,
            "spot_instance_request_id": "",
            "subnet_id": "subnet-05e518ce26b52be21",
            "tags": {
              "Name": "ZabbixMachine"
            },
            "tags_all": {
              "Name": "ZabbixMachine"
            },
            "tenancy": "default",
            "timeouts": null,
            "user_data": "d8d0f9e308b8febc817655f4bf457c3044aea629",
            "user_data_base64": null,
            "user_data_replace_on_change": false,
            "volume_tags": null,
            "vpc_security_group_ids": [
              "sg-00a5b6299bfe797f3",
              "sg-0e30e10100da9d77f"
            ]
          },
          "sensitive_attributes": [],
          "private": "eyJlMmJmYjczMC1lY2FhLTExZTYtOGY4OC0zNDM2M2JjN2M0YzAiOnsiY3JlYXRlIjo2MDAwMDAwMDAwMDAsImRlbGV0ZSI6MTIwMDAwMDAwMDAwMCwicmVhZCI6OTAwMDAwMDAwMDAwLCJ1cGRhdGUiOjYwMDAwMDAwMDAwMH0sInNjaGVtYV92ZXJzaW9uIjoiMSJ9",
          "dependencies": [
            "aws_security_group.ssh_access",
            "aws_security_group.zabbix_access",
            "aws_subnet.main",
            "aws_vpc.main",
            "data.template_file.user_data"
          ]
        }
      ]
    },
    {
      "mode": "managed",
      "type": "aws_internet_gateway",
      "name": "main",
      "provider": "provider[\"registry.terraform.io/hashicorp/aws\"]",
      "instances": [
        {
          "schema_version": 0,
          "attributes": {
            "arn": "arn:aws:ec2:us-east-1:008971679857:internet-gateway/igw-0d1b47023bb89b28e",
            "id": "igw-0d1b47023bb89b28e",
            "owner_id": "008971679857",
            "tags": {
              "Name": "MyInternetGateway"
            },
            "tags_all": {
              "Name": "MyInternetGateway"
            },
            "timeouts": null,
            "vpc_id": "vpc-003739d375a2f4a8d"
          },
          "sensitive_attributes": [],
          "private": "eyJlMmJmYjczMC1lY2FhLTExZTYtOGY4OC0zNDM2M2JjN2M0YzAiOnsiY3JlYXRlIjoxMjAwMDAwMDAwMDAwLCJkZWxldGUiOjEyMDAwMDAwMDAwMDAsInVwZGF0ZSI6MTIwMDAwMDAwMDAwMH19",
          "dependencies": [
            "aws_vpc.main"
          ]
        }
      ]
    },
    {
      "mode": "managed",
      "type": "aws_route_table",
      "name": "main",
      "provider": "provider[\"registry.terraform.io/hashicorp/aws\"]",
      "instances": [
        {
          "schema_version": 0,
          "attributes": {
            "arn": "arn:aws:ec2:us-east-1:008971679857:route-table/rtb-0baf56e16c2fcc3f1",
            "id": "rtb-0baf56e16c2fcc3f1",
            "owner_id": "008971679857",
            "propagating_vgws": [],
            "route": [
              {
                "carrier_gateway_id": "",
                "cidr_block": "0.0.0.0/0",
                "core_network_arn": "",
                "destination_prefix_list_id": "",
                "egress_only_gateway_id": "",
                "gateway_id": "igw-0d1b47023bb89b28e",
                "ipv6_cidr_block": "",
                "local_gateway_id": "",
                "nat_gateway_id": "",
                "network_interface_id": "",
                "transit_gateway_id": "",
                "vpc_endpoint_id": "",
                "vpc_peering_connection_id": ""
              }
            ],
            "tags": {
              "Name": "MyRouteTable"
            },
            "tags_all": {
              "Name": "MyRouteTable"
            },
            "timeouts": null,
            "vpc_id": "vpc-003739d375a2f4a8d"
          },
          "sensitive_attributes": [],
          "private": "eyJlMmJmYjczMC1lY2FhLTExZTYtOGY4OC0zNDM2M2JjN2M0YzAiOnsiY3JlYXRlIjozMDAwMDAwMDAwMDAsImRlbGV0ZSI6MzAwMDAwMDAwMDAwLCJ1cGRhdGUiOjEyMDAwMDAwMDAwMH19",
          "dependencies": [
            "aws_internet_gateway.main",
            "aws_vpc.main"
          ]
        }
      ]
    },
    {
      "mode": "managed",
      "type": "aws_route_table_association",
      "name": "main",
      "provider": "provider[\"registry.terraform.io/hashicorp/aws\"]",
      "instances": [
        {
          "schema_version": 0,
          "attributes": {
            "gateway_id": "",
            "id": "rtbassoc-013a7433972ff1a44",
            "route_table_id": "rtb-0baf56e16c2fcc3f1",
            "subnet_id": "subnet-05e518ce26b52be21",
            "timeouts": null
          },
          "sensitive_attributes": [],
          "private": "eyJlMmJmYjczMC1lY2FhLTExZTYtOGY4OC0zNDM2M2JjN2M0YzAiOnsiY3JlYXRlIjozMDAwMDAwMDAwMDAsImRlbGV0ZSI6MzAwMDAwMDAwMDAwLCJ1cGRhdGUiOjEyMDAwMDAwMDAwMH19",
          "dependencies": [
            "aws_internet_gateway.main",
            "aws_route_table.main",
            "aws_subnet.main",
            "aws_vpc.main"
          ]
        }
      ]
    },
    {
      "mode": "managed",
      "type": "aws_security_group",
      "name": "ssh_access",
      "provider": "provider[\"registry.terraform.io/hashicorp/aws\"]",
      "instances": [
        {
          "schema_version": 1,
          "attributes": {
            "arn": "arn:aws:ec2:us-east-1:008971679857:security-group/sg-0e30e10100da9d77f",
            "description": "Allow SSH access",
            "egress": [],
            "id": "sg-0e30e10100da9d77f",
            "ingress": [],
            "name": "allow_ssh",
            "name_prefix": "",
            "owner_id": "008971679857",
            "revoke_rules_on_delete": false,
            "tags": {
              "Name": "SSHAccessGroup"
            },
            "tags_all": {
              "Name": "SSHAccessGroup"
            },
            "timeouts": null,
            "vpc_id": "vpc-003739d375a2f4a8d"
          },
          "sensitive_attributes": [],
          "private": "eyJlMmJmYjczMC1lY2FhLTExZTYtOGY4OC0zNDM2M2JjN2M0YzAiOnsiY3JlYXRlIjo2MDAwMDAwMDAwMDAsImRlbGV0ZSI6OTAwMDAwMDAwMDAwfSwic2NoZW1hX3ZlcnNpb24iOiIxIn0=",
          "dependencies": [
            "aws_vpc.main"
          ]
        }
      ]
    },
    {
      "mode": "managed",
      "type": "aws_security_group",
      "name": "zabbix_access",
      "provider": "provider[\"registry.terraform.io/hashicorp/aws\"]",
      "instances": [
        {
          "schema_version": 1,
          "attributes": {
            "arn": "arn:aws:ec2:us-east-1:008971679857:security-group/sg-00a5b6299bfe797f3",
            "description": "Allow Zabbix traffic",
            "egress": [],
            "id": "sg-00a5b6299bfe797f3",
            "ingress": [],
            "name": "zabbix_access",
            "name_prefix": "",
            "owner_id": "008971679857",
            "revoke_rules_on_delete": false,
            "tags": {
              "Name": "ZabbixAccessGroup"
            },
            "tags_all": {
              "Name": "ZabbixAccessGroup"
            },
            "timeouts": null,
            "vpc_id": "vpc-003739d375a2f4a8d"
          },
          "sensitive_attributes": [],
          "private": "eyJlMmJmYjczMC1lY2FhLTExZTYtOGY4OC0zNDM2M2JjN2M0YzAiOnsiY3JlYXRlIjo2MDAwMDAwMDAwMDAsImRlbGV0ZSI6OTAwMDAwMDAwMDAwfSwic2NoZW1hX3ZlcnNpb24iOiIxIn0=",
          "dependencies": [
            "aws_vpc.main"
          ]
        }
      ]
    },
    {
      "mode": "managed",
      "type": "aws_security_group_rule",
      "name": "allow_ssh",
      "provider": "provider[\"registry.terraform.io/hashicorp/aws\"]",
      "instances": [
        {
          "schema_version": 2,
          "attributes": {
            "cidr_blocks": [
              "0.0.0.0/0"
            ],
            "description": null,
            "from_port": 22,
            "id": "sgrule-1831058302",
            "ipv6_cidr_blocks": null,
            "prefix_list_ids": null,
            "protocol": "tcp",
            "security_group_id": "sg-0e30e10100da9d77f",
            "security_group_rule_id": "sgr-04383ec1c9df3b25c",
            "self": false,
            "source_security_group_id": null,
            "timeouts": null,
            "to_port": 22,
            "type": "ingress"
          },
          "sensitive_attributes": [],
          "private": "eyJlMmJmYjczMC1lY2FhLTExZTYtOGY4OC0zNDM2M2JjN2M0YzAiOnsiY3JlYXRlIjozMDAwMDAwMDAwMDB9LCJzY2hlbWFfdmVyc2lvbiI6IjIifQ==",
          "dependencies": [
            "aws_security_group.ssh_access",
            "aws_vpc.main"
          ]
        }
      ]
    },
    {
      "mode": "managed",
      "type": "aws_security_group_rule",
      "name": "allow_zabbix_egress",
      "provider": "provider[\"registry.terraform.io/hashicorp/aws\"]",
      "instances": [
        {
          "schema_version": 2,
          "attributes": {
            "cidr_blocks": [
              "0.0.0.0/0"
            ],
            "description": null,
            "from_port": 0,
            "id": "sgrule-1670046933",
            "ipv6_cidr_blocks": null,
            "prefix_list_ids": null,
            "protocol": "-1",
            "security_group_id": "sg-00a5b6299bfe797f3",
            "security_group_rule_id": "sgr-006379ce922b00725",
            "self": false,
            "source_security_group_id": null,
            "timeouts": null,
            "to_port": 0,
            "type": "egress"
          },
          "sensitive_attributes": [],
          "private": "eyJlMmJmYjczMC1lY2FhLTExZTYtOGY4OC0zNDM2M2JjN2M0YzAiOnsiY3JlYXRlIjozMDAwMDAwMDAwMDB9LCJzY2hlbWFfdmVyc2lvbiI6IjIifQ==",
          "dependencies": [
            "aws_security_group.zabbix_access",
            "aws_vpc.main"
          ]
        }
      ]
    },
    {
      "mode": "managed",
      "type": "aws_security_group_rule",
      "name": "allow_zabbix_http",
      "provider": "provider[\"registry.terraform.io/hashicorp/aws\"]",
      "instances": [
        {
          "schema_version": 2,
          "attributes": {
            "cidr_blocks": [
              "0.0.0.0/0"
            ],
            "description": null,
            "from_port": 80,
            "id": "sgrule-594052196",
            "ipv6_cidr_blocks": null,
            "prefix_list_ids": null,
            "protocol": "tcp",
            "security_group_id": "sg-00a5b6299bfe797f3",
            "security_group_rule_id": "sgr-064236d6286e2ef2f",
            "self": false,
            "source_security_group_id": null,
            "timeouts": null,
            "to_port": 80,
            "type": "ingress"
          },
          "sensitive_attributes": [],
          "private": "eyJlMmJmYjczMC1lY2FhLTExZTYtOGY4OC0zNDM2M2JjN2M0YzAiOnsiY3JlYXRlIjozMDAwMDAwMDAwMDB9LCJzY2hlbWFfdmVyc2lvbiI6IjIifQ==",
          "dependencies": [
            "aws_security_group.zabbix_access",
            "aws_vpc.main"
          ]
        }
      ]
    },
    {
      "mode": "managed",
      "type": "aws_security_group_rule",
      "name": "allow_zabbix_https",
      "provider": "provider[\"registry.terraform.io/hashicorp/aws\"]",
      "instances": [
        {
          "schema_version": 2,
          "attributes": {
            "cidr_blocks": [
              "0.0.0.0/0"
            ],
            "description": null,
            "from_port": 443,
            "id": "sgrule-1298638848",
            "ipv6_cidr_blocks": null,
            "prefix_list_ids": null,
            "protocol": "tcp",
            "security_group_id": "sg-00a5b6299bfe797f3",
            "security_group_rule_id": "sgr-0749f058d8b5d73a9",
            "self": false,
            "source_security_group_id": null,
            "timeouts": null,
            "to_port": 443,
            "type": "ingress"
          },
          "sensitive_attributes": [],
          "private": "eyJlMmJmYjczMC1lY2FhLTExZTYtOGY4OC0zNDM2M2JjN2M0YzAiOnsiY3JlYXRlIjozMDAwMDAwMDAwMDB9LCJzY2hlbWFfdmVyc2lvbiI6IjIifQ==",
          "dependencies": [
            "aws_security_group.zabbix_access",
            "aws_vpc.main"
          ]
        }
      ]
    },
    {
      "mode": "managed",
      "type": "aws_security_group_rule",
      "name": "allow_zabbix_tcp_10051",
      "provider": "provider[\"registry.terraform.io/hashicorp/aws\"]",
      "instances": [
        {
          "schema_version": 2,
          "attributes": {
            "cidr_blocks": [
              "0.0.0.0/0"
            ],
            "description": null,
            "from_port": 10051,
            "id": "sgrule-2883087779",
            "ipv6_cidr_blocks": null,
            "prefix_list_ids": null,
            "protocol": "tcp",
            "security_group_id": "sg-00a5b6299bfe797f3",
            "security_group_rule_id": "sgr-0670d3dfaa7bc2026",
            "self": false,
            "source_security_group_id": null,
            "timeouts": null,
            "to_port": 10051,
            "type": "ingress"
          },
          "sensitive_attributes": [],
          "private": "eyJlMmJmYjczMC1lY2FhLTExZTYtOGY4OC0zNDM2M2JjN2M0YzAiOnsiY3JlYXRlIjozMDAwMDAwMDAwMDB9LCJzY2hlbWFfdmVyc2lvbiI6IjIifQ==",
          "dependencies": [
            "aws_security_group.zabbix_access",
            "aws_vpc.main"
          ]
        }
      ]
    },
    {
      "mode": "managed",
      "type": "aws_subnet",
      "name": "main",
      "provider": "provider[\"registry.terraform.io/hashicorp/aws\"]",
      "instances": [
        {
          "schema_version": 1,
          "attributes": {
            "arn": "arn:aws:ec2:us-east-1:008971679857:subnet/subnet-05e518ce26b52be21",
            "assign_ipv6_address_on_creation": false,
            "availability_zone": "us-east-1a",
            "availability_zone_id": "use1-az4",
            "cidr_block": "10.0.1.0/24",
            "customer_owned_ipv4_pool": "",
            "enable_dns64": false,
            "enable_lni_at_device_index": 0,
            "enable_resource_name_dns_a_record_on_launch": false,
            "enable_resource_name_dns_aaaa_record_on_launch": false,
            "id": "subnet-05e518ce26b52be21",
            "ipv6_cidr_block": "",
            "ipv6_cidr_block_association_id": "",
            "ipv6_native": false,
            "map_customer_owned_ip_on_launch": false,
            "map_public_ip_on_launch": true,
            "outpost_arn": "",
            "owner_id": "008971679857",
            "private_dns_hostname_type_on_launch": "ip-name",
            "tags": {
              "Name": "MyTerraformSubnet"
            },
            "tags_all": {
              "Name": "MyTerraformSubnet"
            },
            "timeouts": null,
            "vpc_id": "vpc-003739d375a2f4a8d"
          },
          "sensitive_attributes": [],
          "private": "eyJlMmJmYjczMC1lY2FhLTExZTYtOGY4OC0zNDM2M2JjN2M0YzAiOnsiY3JlYXRlIjo2MDAwMDAwMDAwMDAsImRlbGV0ZSI6MTIwMDAwMDAwMDAwMH0sInNjaGVtYV92ZXJzaW9uIjoiMSJ9",
          "dependencies": [
            "aws_vpc.main"
          ]
        }
      ]
    },
    {
      "mode": "managed",
      "type": "aws_vpc",
      "name": "main",
      "provider": "provider[\"registry.terraform.io/hashicorp/aws\"]",
      "instances": [
        {
          "schema_version": 1,
          "attributes": {
            "arn": "arn:aws:ec2:us-east-1:008971679857:vpc/vpc-003739d375a2f4a8d",
            "assign_generated_ipv6_cidr_block": false,
            "cidr_block": "10.0.0.0/16",
            "default_network_acl_id": "acl-02476f4cb3b85db35",
            "default_route_table_id": "rtb-0460cae09f64068a0",
            "default_security_group_id": "sg-0655d1b26d449ea9f",
            "dhcp_options_id": "dopt-0735b331a44b35179",
            "enable_dns_hostnames": false,
            "enable_dns_support": true,
            "enable_network_address_usage_metrics": false,
            "id": "vpc-003739d375a2f4a8d",
            "instance_tenancy": "default",
            "ipv4_ipam_pool_id": null,
            "ipv4_netmask_length": null,
            "ipv6_association_id": "",
            "ipv6_cidr_block": "",
            "ipv6_cidr_block_network_border_group": "",
            "ipv6_ipam_pool_id": "",
            "ipv6_netmask_length": 0,
            "main_route_table_id": "rtb-0460cae09f64068a0",
            "owner_id": "008971679857",
            "tags": {
              "Name": "MyTerraformVPC"
            },
            "tags_all": {
              "Name": "MyTerraformVPC"
            }
          },
          "sensitive_attributes": [],
          "private": "eyJzY2hlbWFfdmVyc2lvbiI6IjEifQ=="
        }
      ]
    }
  ],
  "check_results": null
}
